// !$*UTF8*$!
{
	archiveVersion = 1;
	classes = {
	};
	objectVersion = 46;
	objects = {

/* Begin PBXBuildFile section */
		9C1D72731E7060810074F0AA /* main.m in Sources */ = {isa = PBXBuildFile; fileRef = 9C1D72721E7060800074F0AA /* main.m */; };
		9C1D72761E7060810074F0AA /* AppDelegate.m in Sources */ = {isa = PBXBuildFile; fileRef = 9C1D72751E7060810074F0AA /* AppDelegate.m */; };
		9C1D72791E7060820074F0AA /* ViewController.m in Sources */ = {isa = PBXBuildFile; fileRef = 9C1D72781E7060810074F0AA /* ViewController.m */; };
		9C1D727C1E7060820074F0AA /* Main.storyboard in Resources */ = {isa = PBXBuildFile; fileRef = 9C1D727A1E7060820074F0AA /* Main.storyboard */; };
		9C1D727E1E7060830074F0AA /* Assets.xcassets in Resources */ = {isa = PBXBuildFile; fileRef = 9C1D727D1E7060830074F0AA /* Assets.xcassets */; };
		9C1D72811E7060830074F0AA /* LaunchScreen.storyboard in Resources */ = {isa = PBXBuildFile; fileRef = 9C1D727F1E7060830074F0AA /* LaunchScreen.storyboard */; };
/* End PBXBuildFile section */

/* Begin PBXFileReference section */
		9C1D726E1E7060800074F0AA /* Keychain.app */ = {isa = PBXFileReference; explicitFileType = wrapper.application; includeInIndex = 0; path = Keychain.app; sourceTree = BUILT_PRODUCTS_DIR; };
		9C1D72721E7060800074F0AA /* main.m */ = {isa = PBXFileReference; lastKnownFileType = sourcecode.c.objc; path = main.m; sourceTree = "<group>"; };
		9C1D72741E7060810074F0AA /* AppDelegate.h */ = {isa = PBXFileReference; lastKnownFileType = sourcecode.c.h; path = AppDelegate.h; sourceTree = "<group>"; };
		9C1D72751E7060810074F0AA /* AppDelegate.m */ = {isa = PBXFileReference; lastKnownFileType = sourcecode.c.objc; path = AppDelegate.m; sourceTree = "<group>"; };
		9C1D72771E7060810074F0AA /* ViewController.h */ = {isa = PBXFileReference; lastKnownFileType = sourcecode.c.h; path = ViewController.h; sourceTree = "<group>"; };
		9C1D72781E7060810074F0AA /* ViewController.m */ = {isa = PBXFileReference; lastKnownFileType = sourcecode.c.objc; path = ViewController.m; sourceTree = "<group>"; };
		9C1D727B1E7060820074F0AA /* Base */ = {isa = PBXFileReference; lastKnownFileType = file.storyboard; name = Base; path = Base.lproj/Main.storyboard; sourceTree = "<group>"; };
		9C1D727D1E7060830074F0AA /* Assets.xcassets */ = {isa = PBXFileReference; lastKnownFileType = folder.assetcatalog; path = Assets.xcassets; sourceTree = "<group>"; };
		9C1D72801E7060830074F0AA /* Base */ = {isa = PBXFileReference; lastKnownFileType = file.storyboard; name = Base; path = Base.lproj/LaunchScreen.storyboard; sourceTree = "<group>"; };
		9C1D72821E7060830074F0AA /* Info.plist */ = {isa = PBXFileReference; lastKnownFileType = text.plist.xml; path = Info.plist; sourceTree = "<group>"; };
/* End PBXFileReference section */

/* Begin PBXFrameworksBuildPhase section */
		9C1D726B1E7060800074F0AA /* Frameworks */ = {
			isa = PBXFrameworksBuildPhase;
			buildActionMask = 2147483647;
			files = (
			);
			runOnlyForDeploymentPostprocessing = 0;
		};
/* End PBXFrameworksBuildPhase section */

/* Begin PBXGroup section */
		9C1D72651E7060800074F0AA = {
			isa = PBXGroup;
			children = (
				9C1D72701E7060800074F0AA /* Keychain */,
				9C1D726F1E7060800074F0AA /* Products */,
			);
			sourceTree = "<group>";
		};
		9C1D726F1E7060800074F0AA /* Products */ = {
			isa = PBXGroup;
			children = (
				9C1D726E1E7060800074F0AA /* Keychain.app */,
			);
			name = Products;
			sourceTree = "<group>";
		};
		9C1D72701E7060800074F0AA /* Keychain */ = {
			isa = PBXGroup;
			children = (
				9C1D72741E7060810074F0AA /* AppDelegate.h */,
				9C1D72751E7060810074F0AA /* AppDelegate.m */,
				9C1D72771E7060810074F0AA /* ViewController.h */,
				9C1D72781E7060810074F0AA /* ViewController.m */,
				9C1D727A1E7060820074F0AA /* Main.storyboard */,
				9C1D727D1E7060830074F0AA /* Assets.xcassets */,
				9C1D727F1E7060830074F0AA /* LaunchScreen.storyboard */,
				9C1D72821E7060830074F0AA /* Info.plist */,
				9C1D72711E7060800074F0AA /* Supporting Files */,
			);
			path = Keychain;
			sourceTree = "<group>";
		};
		9C1D72711E7060800074F0AA /* Supporting Files */ = {
			isa = PBXGroup;
			children = (
				9C1D72721E7060800074F0AA /* main.m */,
			);
			name = "Supporting Files";
			sourceTree = "<group>";
		};
/* End PBXGroup section */

/* Begin PBXNativeTarget section */
		9C1D726D1E7060800074F0AA /* Keychain */ = {
			isa = PBXNativeTarget;
			buildConfigurationList = 9C1D72851E7060830074F0AA /* Build configuration list for PBXNativeTarget "Keychain" */;
			buildPhases = (
				9C1D726A1E7060800074F0AA /* Sources */,
				9C1D726B1E7060800074F0AA /* Frameworks */,
				9C1D726C1E7060800074F0AA /* Resources */,
			);
			buildRules = (
			);
			dependencies = (
			);
			name = Keychain;
			productName = Keychain;
			productReference = 9C1D726E1E7060800074F0AA /* Keychain.app */;
			productType = "com.apple.product-type.application";
		};
/* End PBXNativeTarget section */

/* Begin PBXProject section */
		9C1D72661E7060800074F0AA /* Project object */ = {
			isa = PBXProject;
			attributes = {
				LastUpgradeCheck = 0820;
				ORGANIZATIONNAME = "Marcelo Sampaio";
				TargetAttributes = {
					9C1D726D1E7060800074F0AA = {
						CreatedOnToolsVersion = 8.2.1;
						DevelopmentTeam = 5U294U2N56;
						ProvisioningStyle = Automatic;
					};
				};
			};
			buildConfigurationList = 9C1D72691E7060800074F0AA /* Build configuration list for PBXProject "Keychain" */;
			compatibilityVersion = "Xcode 3.2";
			developmentRegion = English;
			hasScannedForEncodings = 0;
			knownRegions = (
				en,
				Base,
			);
			mainGroup = 9C1D72651E7060800074F0AA;
			productRefGroup = 9C1D726F1E7060800074F0AA /* Products */;
			projectDirPath = "";
			projectRoot = "";
			targets = (
				9C1D726D1E7060800074F0AA /* Keychain */,
			);
		};
/* End PBXProject section */

/* Begin PBXResourcesBuildPhase section */
		9C1D726C1E7060800074F0AA /* Resources */ = {
			isa = PBXResourcesBuildPhase;
			buildActionMask = 2147483647;
			files = (
				9C1D72811E7060830074F0AA /* LaunchScreen.storyboard in Resources */,
				9C1D727E1E7060830074F0AA /* Assets.xcassets in Resources */,
				9C1D727C1E7060820074F0AA /* Main.storyboard in Resources */,
			);
			runOnlyForDeploymentPostprocessing = 0;
		};
/* End PBXResourcesBuildPhase section */

/* Begin PBXSourcesBuildPhase section */
		9C1D726A1E7060800074F0AA /* Sources */ = {
			isa = PBXSourcesBuildPhase;
			buildActionMask = 2147483647;
			files = (
				9C1D72791E7060820074F0AA /* ViewController.m in Sources */,
				9C1D72761E7060810074F0AA /* AppDelegate.m in Sources */,
				9C1D72731E7060810074F0AA /* main.m in Sources */,
			);
			runOnlyForDeploymentPostprocessing = 0;
		};
/* End PBXSourcesBuildPhase section */

/* Begin PBXVariantGroup section */
		9C1D727A1E7060820074F0AA /* Main.storyboard */ = {
			isa = PBXVariantGroup;
			children = (
				9C1D727B1E7060820074F0AA /* Base */,
			);
			name = Main.storyboard;
			sourceTree = "<group>";
		};
		9C1D727F1E7060830074F0AA /* LaunchScreen.storyboard */ = {
			isa = PBXVariantGroup;
			children = (
				9C1D72801E7060830074F0AA /* Base */,
			);
			name = LaunchScreen.storyboard;
			sourceTree = "<group>";
		};
/* End PBXVariantGroup section */

/* Begin XCBuildConfiguration section */
		9C1D72831E7060830074F0AA /* Debug */ = {
			isa = XCBuildConfiguration;
			buildSettings = {
				ALWAYS_SEARCH_USER_PATHS = NO;
				CLANG_ANALYZER_NONNULL = YES;
				CLANG_CXX_LANGUAGE_STANDARD = "gnu++0x";
				CLANG_CXX_LIBRARY = "libc++";
				CLANG_ENABLE_MODULES = YES;
				CLANG_ENABLE_OBJC_ARC = YES;
				CLANG_WARN_BOOL_CONVERSION = YES;
				CLANG_WARN_CONSTANT_CONVERSION = YES;
				CLANG_WARN_DIRECT_OBJC_ISA_USAGE = YES_ERROR;
				CLANG_WARN_DOCUMENTATION_COMMENTS = YES;
				CLANG_WARN_EMPTY_BODY = YES;
				CLANG_WARN_ENUM_CONVERSION = YES;
				CLANG_WARN_INFINITE_RECURSION = YES;
				CLANG_WARN_INT_CONVERSION = YES;
				CLANG_WARN_OBJC_ROOT_CLASS = YES_ERROR;
				CLANG_WARN_SUSPICIOUS_MOVE = YES;
				CLANG_WARN_UNREACHABLE_CODE = YES;
				CLANG_WARN__DUPLICATE_METHOD_MATCH = YES;
				"CODE_SIGN_IDENTITY[sdk=iphoneos*]" = "iPhone Developer";
				COPY_PHASE_STRIP = NO;
				DEBUG_INFORMATION_FORMAT = dwarf;
				ENABLE_STRICT_OBJC_MSGSEND = YES;
				ENABLE_TESTABILITY = YES;
				GCC_C_LANGUAGE_STANDARD = gnu99;
				GCC_DYNAMIC_NO_PIC = NO;
				GCC_NO_COMMON_BLOCKS = YES;
				GCC_OPTIMIZATION_LEVEL = 0;
				GCC_PREPROCESSOR_DEFINITIONS = (
					"DEBUG=1",
					"$(inherited)",
				);
				GCC_WARN_64_TO_32_BIT_CONVERSION = YES;
				GCC_WARN_ABOUT_RETURN_TYPE = YES_ERROR;
				GCC_WARN_UNDECLARED_SELECTOR = YES;
				GCC_WARN_UNINITIALIZED_AUTOS = YES_AGGRESSIVE;
				GCC_WARN_UNUSED_FUNCTION = YES;
				GCC_WARN_UNUSED_VARIABLE = YES;
				IPHONEOS_DEPLOYMENT_TARGET = 10.2;
				MTL_ENABLE_DEBUG_INFO = YES;
				ONLY_ACTIVE_ARCH = YES;
				SDKROOT = iphoneos;
				TARGETED_DEVICE_FAMILY = "1,2";
			};
			name = Debug;
		};
		9C1D72841E7060830074F0AA /* Release */ = {
			isa = XCBuildConfiguration;
			buildSettings = {
				ALWAYS_SEARCH_USER_PATHS = NO;
				CLANG_ANALYZER_NONNULL = YES;
				CLANG_CXX_LANGUAGE_STANDARD = "gnu++0x";
				CLANG_CXX_LIBRARY = "libc++";
				CLANG_ENABLE_MODULES = YES;
				CLANG_ENABLE_OBJC_ARC = YES;
				CLANG_WARN_BOOL_CONVERSION = YES;
				CLANG_WARN_CONSTANT_CONVERSION = YES;
				CLANG_WARN_DIRECT_OBJC_ISA_USAGE = YES_ERROR;
				CLANG_WARN_DOCUMENTATION_COMMENTS = YES;
				CLANG_WARN_EMPTY_BODY = YES;
				CLANG_WARN_ENUM_CONVERSION = YES;
				CLANG_WARN_INFINITE_RECURSION = YES;
				CLANG_WARN_INT_CONVERSION = YES;
				CLANG_WARN_OBJC_ROOT_CLASS = YES_ERROR;
				CLANG_WARN_SUSPICIOUS_MOVE = YES;
				CLANG_WARN_UNREACHABLE_CODE = YES;
				CLANG_WARN__DUPLICATE_METHOD_MATCH = YES;
				"CODE_SIGN_IDENTITY[sdk=iphoneos*]" = "iPhone Developer";
				COPY_PHASE_STRIP = NO;
				DEBUG_INFORMATION_FORMAT = "dwarf-with-dsym";
				ENABLE_NS_ASSERTIONS = NO;
				ENABLE_STRICT_OBJC_MSGSEND = YES;
				GCC_C_LANGUAGE_STANDARD = gnu99;
				GCC_NO_COMMON_BLOCKS = YES;
				GCC_WARN_64_TO_32_BIT_CONVERSION = YES;
				GCC_WARN_ABOUT_RETURN_TYPE = YES_ERROR;
				GCC_WARN_UNDECLARED_SELECTOR = YES;
				GCC_WARN_UNINITIALIZED_AUTOS = YES_AGGRESSIVE;
				GCC_WARN_UNUSED_FUNCTION = YES;
				GCC_WARN_UNUSED_VARIABLE = YES;
				IPHONEOS_DEPLOYMENT_TARGET = 10.2;
				MTL_ENABLE_DEBUG_INFO = NO;
				SDKROOT = iphoneos;
				TARGETED_DEVICE_FAMILY = "1,2";
				VALIDATE_PRODUCT = YES;
			};
			name = Release;
		};
		9C1D72861E7060830074F0AA /* Debug */ = {
			isa = XCBuildConfiguration;
			buildSettings = {
				ASSETCATALOG_COMPILER_APPICON_NAME = AppIcon;
				DEVELOPMENT_TEAM = 5U294U2N56;
				INFOPLIST_FILE = Keychain/Info.plist;
				LD_RUNPATH_SEARCH_PATHS = "$(inherited) @executable_path/Frameworks";
				PRODUCT_BUNDLE_IDENTIFIER = MAS.Keychain;
				PRODUCT_NAME = "$(TARGET_NAME)";
			};
			name = Debug;
		};
		9C1D72871E7060830074F0AA /* Release */ = {
			isa = XCBuildConfiguration;
			buildSettings = {
				ASSETCATALOG_COMPILER_APPICON_NAME = AppIcon;
				DEVELOPMENT_TEAM = 5U294U2N56;
				INFOPLIST_FILE = Keychain/Info.plist;
				LD_RUNPATH_SEARCH_PATHS = "$(inherited) @executable_path/Frameworks";
				PRODUCT_BUNDLE_IDENTIFIER = MAS.Keychain;
				PRODUCT_NAME = "$(TARGET_NAME)";
			};
			name = Release;
		};
/* End XCBuildConfiguration section */

/* Begin XCConfigurationList section */
		9C1D72691E7060800074F0AA /* Build configuration list for PBXProject "Keychain" */ = {
			isa = XCConfigurationList;
			buildConfigurations = (
				9C1D72831E7060830074F0AA /* Debug */,
				9C1D72841E7060830074F0AA /* Release */,
			);
			defaultConfigurationIsVisible = 0;
			defaultConfigurationName = Release;
		};
		9C1D72851E7060830074F0AA /* Build configuration list for PBXNativeTarget "Keychain" */ = {
			isa = XCConfigurationList;
			buildConfigurations = (
				9C1D72861E7060830074F0AA /* Debug */,
				9C1D72871E7060830074F0AA /* Release */,
			);
			defaultConfigurationIsVisible = 0;
		};
/* End XCConfigurationList section */
	};
	rootObject = 9C1D72661E7060800074F0AA /* Project object */;
}
